{
  "name": "crafting-recipes-overhaul",
  "version": "1.0.0",
  "lockfileVersion": 2,
  "requires": true,
  "packages": {
    "": {
      "name": "crafting-recipes-overhaul",
      "version": "1.0.0",
      "license": "MIT",
      "dependencies": {
        "copy-symlink": "^2.0.0",
        "crlf-normalize": "^1.0.16",
        "fs-extra": "^10.1.0",
        "merge-trees": "^2.0.0"
      }
    },
    "node_modules/@types/node": {
      "version": "18.11.2",
      "resolved": "https://registry.npmjs.org/@types/node/-/node-18.11.2.tgz",
      "integrity": "sha512-BWN3M23gLO2jVG8g/XHIRFWiiV4/GckeFIqbU/C4V3xpoBBWSMk4OZomouN0wCkfQFPqgZikyLr7DOYDysIkkw=="
    },
    "node_modules/balanced-match": {
      "version": "1.0.2",
      "resolved": "https://registry.npmjs.org/balanced-match/-/balanced-match-1.0.2.tgz",
      "integrity": "sha512-3oSeUO0TMV67hN1AmbXsK4yaqU7tjiHlbxRDZOpH0KW9+CeX4bRAaX0Anxt0tx2MrpRpWwQaPwIlISEJhYU5Pw=="
    },
    "node_modules/brace-expansion": {
      "version": "1.1.11",
      "resolved": "https://registry.npmjs.org/brace-expansion/-/brace-expansion-1.1.11.tgz",
      "integrity": "sha512-iCuPHDFgrHX7H2vEI/5xpz07zSHB00TpugqhmYtVmMO6518mCuRMoOYFldEBl0g187ufozdaHgWKcYFb61qGiA==",
      "dependencies": {
        "balanced-match": "^1.0.0",
        "concat-map": "0.0.1"
      }
    },
    "node_modules/can-symlink": {
      "version": "1.0.0",
      "resolved": "https://registry.npmjs.org/can-symlink/-/can-symlink-1.0.0.tgz",
      "integrity": "sha512-RbsNrFyhwkx+6psk/0fK/Q9orOUr9VMxohGd8vTa4djf4TGLfblBgUfqZChrZuW0Q+mz2eBPFLusw9Jfukzmhg==",
      "dependencies": {
        "tmp": "0.0.28"
      },
      "bin": {
        "can-symlink": "can-symlink.js"
      }
    },
    "node_modules/clean-up-path": {
      "version": "1.0.0",
      "resolved": "https://registry.npmjs.org/clean-up-path/-/clean-up-path-1.0.0.tgz",
      "integrity": "sha512-PHGlEF0Z6976qQyN6gM7kKH6EH0RdfZcc8V+QhFe36eRxV0SMH5OUBZG7Bxa9YcreNzyNbK63cGiZxdSZgosRw=="
    },
    "node_modules/concat-map": {
      "version": "0.0.1",
      "resolved": "https://registry.npmjs.org/concat-map/-/concat-map-0.0.1.tgz",
      "integrity": "sha512-/Srv4dswyQNBfohGpz9o6Yb3Gz3SrUDqBH5rTuhGR7ahtlbYKnVxw2bCFMRljaA7EXHaXZ8wsHdodFvbkhKmqg=="
    },
    "node_modules/copy-symlink": {
      "version": "2.0.0",
      "resolved": "https://registry.npmjs.org/copy-symlink/-/copy-symlink-2.0.0.tgz",
      "integrity": "sha512-5zTbLb0sT5jLl/HK64+36JLwwqXXTwFCMFYPE9uHJN3BZwnZzwLnkHerT7wAPe+LIDmM5FKWW6xMfCGAklHSeg==",
      "engines": {
        "node": ">=10"
      }
    },
    "node_modules/crlf-normalize": {
      "version": "1.0.16",
      "resolved": "https://registry.npmjs.org/crlf-normalize/-/crlf-normalize-1.0.16.tgz",
      "integrity": "sha512-nAvZ/etqpk4wYggBa95z3VVvPJ57jt+NujgcJLKoPy/hKUdobIqibo6Vg0O7doOT9eGDFKoIND/7NDQz1DXJSg==",
      "dependencies": {
        "ts-type": ">=2.1.10"
      }
    },
    "node_modules/debug": {
      "version": "2.6.9",
      "resolved": "https://registry.npmjs.org/debug/-/debug-2.6.9.tgz",
      "integrity": "sha512-bC7ElrdJaJnPbAP+1EotYvqZsb3ecl5wi6Bfi6BJTUcNowp6cvspg0jXznRTKDjm/E7AdgFBVeAPVMNcKGsHMA==",
      "dependencies": {
        "ms": "2.0.0"
      }
    },
    "node_modules/fs-extra": {
      "version": "10.1.0",
      "resolved": "https://registry.npmjs.org/fs-extra/-/fs-extra-10.1.0.tgz",
      "integrity": "sha512-oRXApq54ETRj4eMiFzGnHWGy+zo5raudjuxN0b8H7s/RU2oW0Wvsx9O0ACRN/kRq9E8Vu/ReskGB5o3ji+FzHQ==",
      "dependencies": {
        "graceful-fs": "^4.2.0",
        "jsonfile": "^6.0.1",
        "universalify": "^2.0.0"
      },
      "engines": {
        "node": ">=12"
      }
    },
    "node_modules/fs-updater": {
      "version": "1.0.4",
      "resolved": "https://registry.npmjs.org/fs-updater/-/fs-updater-1.0.4.tgz",
      "integrity": "sha512-0pJX4mJF/qLsNEwTct8CdnnRdagfb+LmjRPJ8sO+nCnAZLW0cTmz4rTgU25n+RvTuWSITiLKrGVJceJPBIPlKg==",
      "dependencies": {
        "can-symlink": "^1.0.0",
        "clean-up-path": "^1.0.0",
        "heimdalljs": "^0.2.5",
        "heimdalljs-logger": "^0.1.9",
        "rimraf": "^2.6.2"
      },
      "engines": {
        "node": ">=6.0.0"
      }
    },
    "node_modules/fs.realpath": {
      "version": "1.0.0",
      "resolved": "https://registry.npmjs.org/fs.realpath/-/fs.realpath-1.0.0.tgz",
      "integrity": "sha512-OO0pH2lK6a0hZnAdau5ItzHPI6pUlvI7jMVnxUQRtw4owF2wk8lOSabtGDCTP4Ggrg2MbGnWO9X8K1t4+fGMDw=="
    },
    "node_modules/glob": {
      "version": "7.2.3",
      "resolved": "https://registry.npmjs.org/glob/-/glob-7.2.3.tgz",
      "integrity": "sha512-nFR0zLpU2YCaRxwoCJvL6UvCH2JFyFVIvwTLsIf21AuHlMskA1hhTdk+LlYJtOlYt9v6dvszD2BGRqBL+iQK9Q==",
      "dependencies": {
        "fs.realpath": "^1.0.0",
        "inflight": "^1.0.4",
        "inherits": "2",
        "minimatch": "^3.1.1",
        "once": "^1.3.0",
        "path-is-absolute": "^1.0.0"
      },
      "engines": {
        "node": "*"
      },
      "funding": {
        "url": "https://github.com/sponsors/isaacs"
      }
    },
    "node_modules/graceful-fs": {
      "version": "4.2.10",
      "resolved": "https://registry.npmjs.org/graceful-fs/-/graceful-fs-4.2.10.tgz",
      "integrity": "sha512-9ByhssR2fPVsNZj478qUUbKfmL0+t5BDVyjShtyZZLiK7ZDAArFFfopyOTj0M05wE2tJPisA4iTnnXl2YoPvOA=="
    },
    "node_modules/heimdalljs": {
      "version": "0.2.6",
      "resolved": "https://registry.npmjs.org/heimdalljs/-/heimdalljs-0.2.6.tgz",
      "integrity": "sha512-o9bd30+5vLBvBtzCPwwGqpry2+n0Hi6H1+qwt6y+0kwRHGGF8TFIhJPmnuM0xO97zaKrDZMwO/V56fAnn8m/tA==",
      "dependencies": {
        "rsvp": "~3.2.1"
      }
    },
    "node_modules/heimdalljs-logger": {
      "version": "0.1.10",
      "resolved": "https://registry.npmjs.org/heimdalljs-logger/-/heimdalljs-logger-0.1.10.tgz",
      "integrity": "sha512-pO++cJbhIufVI/fmB/u2Yty3KJD0TqNPecehFae0/eps0hkZ3b4Zc/PezUMOpYuHFQbA7FxHZxa305EhmjLj4g==",
      "dependencies": {
        "debug": "^2.2.0",
        "heimdalljs": "^0.2.6"
      }
    },
    "node_modules/inflight": {
      "version": "1.0.6",
      "resolved": "https://registry.npmjs.org/inflight/-/inflight-1.0.6.tgz",
      "integrity": "sha512-k92I/b08q4wvFscXCLvqfsHCrjrF7yiXsQuIVvVE7N82W3+aqpzuUdBbfhWcy/FZR3/4IgflMgKLOsvPDrGCJA==",
      "dependencies": {
        "once": "^1.3.0",
        "wrappy": "1"
      }
    },
    "node_modules/inherits": {
      "version": "2.0.4",
      "resolved": "https://registry.npmjs.org/inherits/-/inherits-2.0.4.tgz",
      "integrity": "sha512-k/vGaX4/Yla3WzyMCvTQOXYeIHvqOKtnqBduzTHpzpQZzAskKMhZ2K+EnBiSM9zGSoIFeMpXKxa4dYeZIQqewQ=="
    },
    "node_modules/jsonfile": {
      "version": "6.1.0",
      "resolved": "https://registry.npmjs.org/jsonfile/-/jsonfile-6.1.0.tgz",
      "integrity": "sha512-5dgndWOriYSm5cnYaJNhalLNDKOqFwyDB/rr1E9ZsGciGvKPs8R2xYGCacuf3z6K1YKDz182fd+fY3cn3pMqXQ==",
      "dependencies": {
        "universalify": "^2.0.0"
      },
      "optionalDependencies": {
        "graceful-fs": "^4.1.6"
      }
    },
    "node_modules/merge-trees": {
      "version": "2.0.0",
      "resolved": "https://registry.npmjs.org/merge-trees/-/merge-trees-2.0.0.tgz",
      "integrity": "sha512-5xBbmqYBalWqmhYm51XlohhkmVOua3VAUrrWh8t9iOkaLpS6ifqm/UVuUjQCeDVJ9Vx3g2l6ihfkbLSTeKsHbw==",
      "dependencies": {
        "fs-updater": "^1.0.4",
        "heimdalljs": "^0.2.5"
      }
    },
    "node_modules/minimatch": {
      "version": "3.1.2",
      "resolved": "https://registry.npmjs.org/minimatch/-/minimatch-3.1.2.tgz",
      "integrity": "sha512-J7p63hRiAjw1NDEww1W7i37+ByIrOWO5XQQAzZ3VOcL0PNybwpfmV/N05zFAzwQ9USyEcX6t3UO+K5aqBQOIHw==",
      "dependencies": {
        "brace-expansion": "^1.1.7"
      },
      "engines": {
        "node": "*"
      }
    },
    "node_modules/ms": {
      "version": "2.0.0",
      "resolved": "https://registry.npmjs.org/ms/-/ms-2.0.0.tgz",
      "integrity": "sha512-Tpp60P6IUJDTuOq/5Z8cdskzJujfwqfOTkrwIwj7IRISpnkJnT6SyJ4PCPnGMoFjC9ddhal5KVIYtAt97ix05A=="
    },
    "node_modules/once": {
      "version": "1.4.0",
      "resolved": "https://registry.npmjs.org/once/-/once-1.4.0.tgz",
      "integrity": "sha512-lNaJgI+2Q5URQBkccEKHTQOPaXdUxnZZElQTZY0MFUAuaEqe1E+Nyvgdz/aIyNi6Z9MzO5dv1H8n58/GELp3+w==",
      "dependencies": {
        "wrappy": "1"
      }
    },
    "node_modules/os-tmpdir": {
      "version": "1.0.2",
      "resolved": "https://registry.npmjs.org/os-tmpdir/-/os-tmpdir-1.0.2.tgz",
      "integrity": "sha512-D2FR03Vir7FIu45XBY20mTb+/ZSWB00sjU9jdQXt83gDrI4Ztz5Fs7/yy74g2N5SVQY4xY1qDr4rNddwYRVX0g==",
      "engines": {
        "node": ">=0.10.0"
      }
    },
    "node_modules/path-is-absolute": {
      "version": "1.0.1",
      "resolved": "https://registry.npmjs.org/path-is-absolute/-/path-is-absolute-1.0.1.tgz",
      "integrity": "sha512-AVbw3UJ2e9bq64vSaS9Am0fje1Pa8pbGqTTsmXfaIiMpnr5DlDhfJOuLj9Sf95ZPVDAUerDfEk88MPmPe7UCQg==",
      "engines": {
        "node": ">=0.10.0"
      }
    },
    "node_modules/rimraf": {
      "version": "2.7.1",
      "resolved": "https://registry.npmjs.org/rimraf/-/rimraf-2.7.1.tgz",
      "integrity": "sha512-uWjbaKIK3T1OSVptzX7Nl6PvQ3qAGtKEtVRjRuazjfL3Bx5eI409VZSqgND+4UNnmzLVdPj9FqFJNPqBZFve4w==",
      "dependencies": {
        "glob": "^7.1.3"
      },
      "bin": {
        "rimraf": "bin.js"
      }
    },
    "node_modules/rsvp": {
      "version": "3.2.1",
      "resolved": "https://registry.npmjs.org/rsvp/-/rsvp-3.2.1.tgz",
      "integrity": "sha512-Rf4YVNYpKjZ6ASAmibcwTNciQ5Co5Ztq6iZPEykHpkoflnD/K5ryE/rHehFsTm4NJj8nKDhbi3eKBWGogmNnkg=="
    },
    "node_modules/tmp": {
      "version": "0.0.28",
      "resolved": "https://registry.npmjs.org/tmp/-/tmp-0.0.28.tgz",
      "integrity": "sha512-c2mmfiBmND6SOVxzogm1oda0OJ1HZVIk/5n26N59dDTh80MUeavpiCls4PGAdkX1PFkKokLpcf7prSjCeXLsJg==",
      "dependencies": {
        "os-tmpdir": "~1.0.1"
      },
      "engines": {
        "node": ">=0.4.0"
      }
    },
    "node_modules/ts-toolbelt": {
      "version": "9.6.0",
      "resolved": "https://registry.npmjs.org/ts-toolbelt/-/ts-toolbelt-9.6.0.tgz",
      "integrity": "sha512-nsZd8ZeNUzukXPlJmTBwUAuABDe/9qtVDelJeT/qW0ow3ZS3BsQJtNkan1802aM9Uf68/Y8ljw86Hu0h5IUW3w==",
      "peer": true
    },
    "node_modules/ts-type": {
      "version": "3.0.1",
      "resolved": "https://registry.npmjs.org/ts-type/-/ts-type-3.0.1.tgz",
      "integrity": "sha512-cleRydCkBGBFQ4KAvLH0ARIkciduS745prkGVVxPGvcRGhMMoSJUB7gNR1ByKhFTEYrYRg2CsMRGYnqp+6op+g==",
      "dependencies": {
        "@types/node": "*",
        "tslib": ">=2",
        "typedarray-dts": "^1.0.0"
      },
      "peerDependencies": {
        "ts-toolbelt": "^9.6.0"
      }
    },
    "node_modules/tslib": {
      "version": "2.4.0",
      "resolved": "https://registry.npmjs.org/tslib/-/tslib-2.4.0.tgz",
      "integrity": "sha512-d6xOpEDfsi2CZVlPQzGeux8XMwLT9hssAsaPYExaQMuYskwb+x1x7J371tWlbBdWHroy99KnVB6qIkUbs5X3UQ=="
    },
    "node_modules/typedarray-dts": {
      "version": "1.0.0",
      "resolved": "https://registry.npmjs.org/typedarray-dts/-/typedarray-dts-1.0.0.tgz",
      "integrity": "sha512-Ka0DBegjuV9IPYFT1h0Qqk5U4pccebNIJCGl8C5uU7xtOs+jpJvKGAY4fHGK25hTmXZOEUl9Cnsg5cS6K/b5DA=="
    },
    "node_modules/universalify": {
      "version": "2.0.0",
      "resolved": "https://registry.npmjs.org/universalify/-/universalify-2.0.0.tgz",
      "integrity": "sha512-hAZsKq7Yy11Zu1DE0OzWjw7nnLZmJZYTDZZyEFHZdUhV8FkH5MCfoU1XMaxXovpyW5nq5scPqq0ZDP9Zyl04oQ==",
      "engines": {
        "node": ">= 10.0.0"
      }
    },
    "node_modules/wrappy": {
      "version": "1.0.2",
      "resolved": "https://registry.npmjs.org/wrappy/-/wrappy-1.0.2.tgz",
      "integrity": "sha512-l4Sp/DRseor9wL6EvV2+TuQn63dMkPjZ/sp9XkghTEbV9KlPS1xUsZ3u7/IQO4wxtcFB4bgpQPRcR3QCvezPcQ=="
    }
  },
  "dependencies": {
    "@types/node": {
      "version": "18.11.2",
      "resolved": "https://registry.npmjs.org/@types/node/-/node-18.11.2.tgz",
      "integrity": "sha512-BWN3M23gLO2jVG8g/XHIRFWiiV4/GckeFIqbU/C4V3xpoBBWSMk4OZomouN0wCkfQFPqgZikyLr7DOYDysIkkw=="
    },
    "balanced-match": {
      "version": "1.0.2",
      "resolved": "https://registry.npmjs.org/balanced-match/-/balanced-match-1.0.2.tgz",
      "integrity": "sha512-3oSeUO0TMV67hN1AmbXsK4yaqU7tjiHlbxRDZOpH0KW9+CeX4bRAaX0Anxt0tx2MrpRpWwQaPwIlISEJhYU5Pw=="
    },
    "brace-expansion": {
      "version": "1.1.11",
      "resolved": "https://registry.npmjs.org/brace-expansion/-/brace-expansion-1.1.11.tgz",
      "integrity": "sha512-iCuPHDFgrHX7H2vEI/5xpz07zSHB00TpugqhmYtVmMO6518mCuRMoOYFldEBl0g187ufozdaHgWKcYFb61qGiA==",
      "requires": {
        "balanced-match": "^1.0.0",
        "concat-map": "0.0.1"
      }
    },
    "can-symlink": {
      "version": "1.0.0",
      "resolved": "https://registry.npmjs.org/can-symlink/-/can-symlink-1.0.0.tgz",
      "integrity": "sha512-RbsNrFyhwkx+6psk/0fK/Q9orOUr9VMxohGd8vTa4djf4TGLfblBgUfqZChrZuW0Q+mz2eBPFLusw9Jfukzmhg==",
      "requires": {
        "tmp": "0.0.28"
      }
    },
    "clean-up-path": {
      "version": "1.0.0",
      "resolved": "https://registry.npmjs.org/clean-up-path/-/clean-up-path-1.0.0.tgz",
      "integrity": "sha512-PHGlEF0Z6976qQyN6gM7kKH6EH0RdfZcc8V+QhFe36eRxV0SMH5OUBZG7Bxa9YcreNzyNbK63cGiZxdSZgosRw=="
    },
    "concat-map": {
      "version": "0.0.1",
      "resolved": "https://registry.npmjs.org/concat-map/-/concat-map-0.0.1.tgz",
      "integrity": "sha512-/Srv4dswyQNBfohGpz9o6Yb3Gz3SrUDqBH5rTuhGR7ahtlbYKnVxw2bCFMRljaA7EXHaXZ8wsHdodFvbkhKmqg=="
    },
    "copy-symlink": {
      "version": "2.0.0",
      "resolved": "https://registry.npmjs.org/copy-symlink/-/copy-symlink-2.0.0.tgz",
      "integrity": "sha512-5zTbLb0sT5jLl/HK64+36JLwwqXXTwFCMFYPE9uHJN3BZwnZzwLnkHerT7wAPe+LIDmM5FKWW6xMfCGAklHSeg=="
    },
    "crlf-normalize": {
      "version": "1.0.16",
      "resolved": "https://registry.npmjs.org/crlf-normalize/-/crlf-normalize-1.0.16.tgz",
      "integrity": "sha512-nAvZ/etqpk4wYggBa95z3VVvPJ57jt+NujgcJLKoPy/hKUdobIqibo6Vg0O7doOT9eGDFKoIND/7NDQz1DXJSg==",
      "requires": {
        "ts-type": ">=2.1.10"
      }
    },
    "debug": {
      "version": "2.6.9",
      "resolved": "https://registry.npmjs.org/debug/-/debug-2.6.9.tgz",
      "integrity": "sha512-bC7ElrdJaJnPbAP+1EotYvqZsb3ecl5wi6Bfi6BJTUcNowp6cvspg0jXznRTKDjm/E7AdgFBVeAPVMNcKGsHMA==",
      "requires": {
        "ms": "2.0.0"
      }
    },
    "fs-extra": {
      "version": "10.1.0",
      "resolved": "https://registry.npmjs.org/fs-extra/-/fs-extra-10.1.0.tgz",
      "integrity": "sha512-oRXApq54ETRj4eMiFzGnHWGy+zo5raudjuxN0b8H7s/RU2oW0Wvsx9O0ACRN/kRq9E8Vu/ReskGB5o3ji+FzHQ==",
      "requires": {
        "graceful-fs": "^4.2.0",
        "jsonfile": "^6.0.1",
        "universalify": "^2.0.0"
      }
    },
    "fs-updater": {
      "version": "1.0.4",
      "resolved": "https://registry.npmjs.org/fs-updater/-/fs-updater-1.0.4.tgz",
      "integrity": "sha512-0pJX4mJF/qLsNEwTct8CdnnRdagfb+LmjRPJ8sO+nCnAZLW0cTmz4rTgU25n+RvTuWSITiLKrGVJceJPBIPlKg==",
      "requires": {
        "can-symlink": "^1.0.0",
        "clean-up-path": "^1.0.0",
        "heimdalljs": "^0.2.5",
        "heimdalljs-logger": "^0.1.9",
        "rimraf": "^2.6.2"
      }
    },
    "fs.realpath": {
      "version": "1.0.0",
      "resolved": "https://registry.npmjs.org/fs.realpath/-/fs.realpath-1.0.0.tgz",
      "integrity": "sha512-OO0pH2lK6a0hZnAdau5ItzHPI6pUlvI7jMVnxUQRtw4owF2wk8lOSabtGDCTP4Ggrg2MbGnWO9X8K1t4+fGMDw=="
    },
    "glob": {
      "version": "7.2.3",
      "resolved": "https://registry.npmjs.org/glob/-/glob-7.2.3.tgz",
      "integrity": "sha512-nFR0zLpU2YCaRxwoCJvL6UvCH2JFyFVIvwTLsIf21AuHlMskA1hhTdk+LlYJtOlYt9v6dvszD2BGRqBL+iQK9Q==",
      "requires": {
        "fs.realpath": "^1.0.0",
        "inflight": "^1.0.4",
        "inherits": "2",
        "minimatch": "^3.1.1",
        "once": "^1.3.0",
        "path-is-absolute": "^1.0.0"
      }
    },
    "graceful-fs": {
      "version": "4.2.10",
      "resolved": "https://registry.npmjs.org/graceful-fs/-/graceful-fs-4.2.10.tgz",
      "integrity": "sha512-9ByhssR2fPVsNZj478qUUbKfmL0+t5BDVyjShtyZZLiK7ZDAArFFfopyOTj0M05wE2tJPisA4iTnnXl2YoPvOA=="
    },
    "heimdalljs": {
      "version": "0.2.6",
      "resolved": "https://registry.npmjs.org/heimdalljs/-/heimdalljs-0.2.6.tgz",
      "integrity": "sha512-o9bd30+5vLBvBtzCPwwGqpry2+n0Hi6H1+qwt6y+0kwRHGGF8TFIhJPmnuM0xO97zaKrDZMwO/V56fAnn8m/tA==",
      "requires": {
        "rsvp": "~3.2.1"
      }
    },
    "heimdalljs-logger": {
      "version": "0.1.10",
      "resolved": "https://registry.npmjs.org/heimdalljs-logger/-/heimdalljs-logger-0.1.10.tgz",
      "integrity": "sha512-pO++cJbhIufVI/fmB/u2Yty3KJD0TqNPecehFae0/eps0hkZ3b4Zc/PezUMOpYuHFQbA7FxHZxa305EhmjLj4g==",
      "requires": {
        "debug": "^2.2.0",
        "heimdalljs": "^0.2.6"
      }
    },
    "inflight": {
      "version": "1.0.6",
      "resolved": "https://registry.npmjs.org/inflight/-/inflight-1.0.6.tgz",
      "integrity": "sha512-k92I/b08q4wvFscXCLvqfsHCrjrF7yiXsQuIVvVE7N82W3+aqpzuUdBbfhWcy/FZR3/4IgflMgKLOsvPDrGCJA==",
      "requires": {
        "once": "^1.3.0",
        "wrappy": "1"
      }
    },
    "inherits": {
      "version": "2.0.4",
      "resolved": "https://registry.npmjs.org/inherits/-/inherits-2.0.4.tgz",
      "integrity": "sha512-k/vGaX4/Yla3WzyMCvTQOXYeIHvqOKtnqBduzTHpzpQZzAskKMhZ2K+EnBiSM9zGSoIFeMpXKxa4dYeZIQqewQ=="
    },
    "jsonfile": {
      "version": "6.1.0",
      "resolved": "https://registry.npmjs.org/jsonfile/-/jsonfile-6.1.0.tgz",
      "integrity": "sha512-5dgndWOriYSm5cnYaJNhalLNDKOqFwyDB/rr1E9ZsGciGvKPs8R2xYGCacuf3z6K1YKDz182fd+fY3cn3pMqXQ==",
      "requires": {
        "graceful-fs": "^4.1.6",
        "universalify": "^2.0.0"
      }
    },
    "merge-trees": {
      "version": "2.0.0",
      "resolved": "https://registry.npmjs.org/merge-trees/-/merge-trees-2.0.0.tgz",
      "integrity": "sha512-5xBbmqYBalWqmhYm51XlohhkmVOua3VAUrrWh8t9iOkaLpS6ifqm/UVuUjQCeDVJ9Vx3g2l6ihfkbLSTeKsHbw==",
      "requires": {
        "fs-updater": "^1.0.4",
        "heimdalljs": "^0.2.5"
      }
    },
    "minimatch": {
      "version": "3.1.2",
      "resolved": "https://registry.npmjs.org/minimatch/-/minimatch-3.1.2.tgz",
      "integrity": "sha512-J7p63hRiAjw1NDEww1W7i37+ByIrOWO5XQQAzZ3VOcL0PNybwpfmV/N05zFAzwQ9USyEcX6t3UO+K5aqBQOIHw==",
      "requires": {
        "brace-expansion": "^1.1.7"
      }
    },
    "ms": {
      "version": "2.0.0",
      "resolved": "https://registry.npmjs.org/ms/-/ms-2.0.0.tgz",
      "integrity": "sha512-Tpp60P6IUJDTuOq/5Z8cdskzJujfwqfOTkrwIwj7IRISpnkJnT6SyJ4PCPnGMoFjC9ddhal5KVIYtAt97ix05A=="
    },
    "once": {
      "version": "1.4.0",
      "resolved": "https://registry.npmjs.org/once/-/once-1.4.0.tgz",
      "integrity": "sha512-lNaJgI+2Q5URQBkccEKHTQOPaXdUxnZZElQTZY0MFUAuaEqe1E+Nyvgdz/aIyNi6Z9MzO5dv1H8n58/GELp3+w==",
      "requires": {
        "wrappy": "1"
      }
    },
    "os-tmpdir": {
      "version": "1.0.2",
      "resolved": "https://registry.npmjs.org/os-tmpdir/-/os-tmpdir-1.0.2.tgz",
      "integrity": "sha512-D2FR03Vir7FIu45XBY20mTb+/ZSWB00sjU9jdQXt83gDrI4Ztz5Fs7/yy74g2N5SVQY4xY1qDr4rNddwYRVX0g=="
    },
    "path-is-absolute": {
      "version": "1.0.1",
      "resolved": "https://registry.npmjs.org/path-is-absolute/-/path-is-absolute-1.0.1.tgz",
      "integrity": "sha512-AVbw3UJ2e9bq64vSaS9Am0fje1Pa8pbGqTTsmXfaIiMpnr5DlDhfJOuLj9Sf95ZPVDAUerDfEk88MPmPe7UCQg=="
    },
    "rimraf": {
      "version": "2.7.1",
      "resolved": "https://registry.npmjs.org/rimraf/-/rimraf-2.7.1.tgz",
      "integrity": "sha512-uWjbaKIK3T1OSVptzX7Nl6PvQ3qAGtKEtVRjRuazjfL3Bx5eI409VZSqgND+4UNnmzLVdPj9FqFJNPqBZFve4w==",
      "requires": {
        "glob": "^7.1.3"
      }
    },
    "rsvp": {
      "version": "3.2.1",
      "resolved": "https://registry.npmjs.org/rsvp/-/rsvp-3.2.1.tgz",
      "integrity": "sha512-Rf4YVNYpKjZ6ASAmibcwTNciQ5Co5Ztq6iZPEykHpkoflnD/K5ryE/rHehFsTm4NJj8nKDhbi3eKBWGogmNnkg=="
    },
    "tmp": {
      "version": "0.0.28",
      "resolved": "https://registry.npmjs.org/tmp/-/tmp-0.0.28.tgz",
      "integrity": "sha512-c2mmfiBmND6SOVxzogm1oda0OJ1HZVIk/5n26N59dDTh80MUeavpiCls4PGAdkX1PFkKokLpcf7prSjCeXLsJg==",
      "requires": {
        "os-tmpdir": "~1.0.1"
      }
    },
    "ts-toolbelt": {
      "version": "9.6.0",
      "resolved": "https://registry.npmjs.org/ts-toolbelt/-/ts-toolbelt-9.6.0.tgz",
      "integrity": "sha512-nsZd8ZeNUzukXPlJmTBwUAuABDe/9qtVDelJeT/qW0ow3ZS3BsQJtNkan1802aM9Uf68/Y8ljw86Hu0h5IUW3w==",
      "peer": true
    },
    "ts-type": {
      "version": "3.0.1",
      "resolved": "https://registry.npmjs.org/ts-type/-/ts-type-3.0.1.tgz",
      "integrity": "sha512-cleRydCkBGBFQ4KAvLH0ARIkciduS745prkGVVxPGvcRGhMMoSJUB7gNR1ByKhFTEYrYRg2CsMRGYnqp+6op+g==",
      "requires": {
        "@types/node": "*",
        "tslib": ">=2",
        "typedarray-dts": "^1.0.0"
      }
    },
    "tslib": {
      "version": "2.4.0",
      "resolved": "https://registry.npmjs.org/tslib/-/tslib-2.4.0.tgz",
      "integrity": "sha512-d6xOpEDfsi2CZVlPQzGeux8XMwLT9hssAsaPYExaQMuYskwb+x1x7J371tWlbBdWHroy99KnVB6qIkUbs5X3UQ=="
    },
    "typedarray-dts": {
      "version": "1.0.0",
      "resolved": "https://registry.npmjs.org/typedarray-dts/-/typedarray-dts-1.0.0.tgz",
      "integrity": "sha512-Ka0DBegjuV9IPYFT1h0Qqk5U4pccebNIJCGl8C5uU7xtOs+jpJvKGAY4fHGK25hTmXZOEUl9Cnsg5cS6K/b5DA=="
    },
    "universalify": {
      "version": "2.0.0",
      "resolved": "https://registry.npmjs.org/universalify/-/universalify-2.0.0.tgz",
      "integrity": "sha512-hAZsKq7Yy11Zu1DE0OzWjw7nnLZmJZYTDZZyEFHZdUhV8FkH5MCfoU1XMaxXovpyW5nq5scPqq0ZDP9Zyl04oQ=="
    },
    "wrappy": {
      "version": "1.0.2",
      "resolved": "https://registry.npmjs.org/wrappy/-/wrappy-1.0.2.tgz",
      "integrity": "sha512-l4Sp/DRseor9wL6EvV2+TuQn63dMkPjZ/sp9XkghTEbV9KlPS1xUsZ3u7/IQO4wxtcFB4bgpQPRcR3QCvezPcQ=="
    }
  }
}
